
Microsoft Visual Studio Solution File, Format Version 12.00
# Visual Studio Version 17
VisualStudioVersion = 17.12.35209.166
MinimumVisualStudioVersion = 10.0.40219.1
Project("{FAE04EC0-301F-11D3-BF4B-00C04F79EFBC}") = "InventorySystem.Domain", "Domain\InventorySystem.Domain.csproj", "{8C08416E-D8A3-4F30-A11C-BD19F91352CC}"
EndProject
Project("{FAE04EC0-301F-11D3-BF4B-00C04F79EFBC}") = "InventorySystem.Application", "Application\InventorySystem.Application.csproj", "{D150CD1E-B840-4FC0-A3E3-752D8364BD49}"
EndProject
Project("{FAE04EC0-301F-11D3-BF4B-00C04F79EFBC}") = "InventorySystem.Infrastructure", "Infrastructure\InventorySystem.Infrastructure.csproj", "{C119C9B9-56F1-4F94-9CCB-0A5FE0F36AA7}"
EndProject
Project("{FAE04EC0-301F-11D3-BF4B-00C04F79EFBC}") = "InventorySystem.Api", "Api\InventorySystem.Api.csproj", "{57508271-AD80-4815-9B60-02E3A1A2A4AD}"
EndProject
Project("{FAE04EC0-301F-11D3-BF4B-00C04F79EFBC}") = "InventorySystem.Application.UnitTests", "InventorySystem.Application.UnitTests\InventorySystem.Application.UnitTests.csproj", "{DFC9D148-D8D0-45D1-98ED-224CB8080358}"
EndProject
Global
	GlobalSection(SolutionConfigurationPlatforms) = preSolution
		Debug|Any CPU = Debug|Any CPU
		Release|Any CPU = Release|Any CPU
	EndGlobalSection
	GlobalSection(ProjectConfigurationPlatforms) = postSolution
		{8C08416E-D8A3-4F30-A11C-BD19F91352CC}.Debug|Any CPU.ActiveCfg = Debug|Any CPU
		{8C08416E-D8A3-4F30-A11C-BD19F91352CC}.Debug|Any CPU.Build.0 = Debug|Any CPU
		{8C08416E-D8A3-4F30-A11C-BD19F91352CC}.Release|Any CPU.ActiveCfg = Release|Any CPU
		{8C08416E-D8A3-4F30-A11C-BD19F91352CC}.Release|Any CPU.Build.0 = Release|Any CPU
		{D150CD1E-B840-4FC0-A3E3-752D8364BD49}.Debug|Any CPU.ActiveCfg = Debug|Any CPU
		{D150CD1E-B840-4FC0-A3E3-752D8364BD49}.Debug|Any CPU.Build.0 = Debug|Any CPU
		{D150CD1E-B840-4FC0-A3E3-752D8364BD49}.Release|Any CPU.ActiveCfg = Release|Any CPU
		{D150CD1E-B840-4FC0-A3E3-752D8364BD49}.Release|Any CPU.Build.0 = Release|Any CPU
		{C119C9B9-56F1-4F94-9CCB-0A5FE0F36AA7}.Debug|Any CPU.ActiveCfg = Debug|Any CPU
		{C119C9B9-56F1-4F94-9CCB-0A5FE0F36AA7}.Debug|Any CPU.Build.0 = Debug|Any CPU
		{C119C9B9-56F1-4F94-9CCB-0A5FE0F36AA7}.Release|Any CPU.ActiveCfg = Release|Any CPU
		{C119C9B9-56F1-4F94-9CCB-0A5FE0F36AA7}.Release|Any CPU.Build.0 = Release|Any CPU
		{57508271-AD80-4815-9B60-02E3A1A2A4AD}.Debug|Any CPU.ActiveCfg = Debug|Any CPU
		{57508271-AD80-4815-9B60-02E3A1A2A4AD}.Debug|Any CPU.Build.0 = Debug|Any CPU
		{57508271-AD80-4815-9B60-02E3A1A2A4AD}.Release|Any CPU.ActiveCfg = Release|Any CPU
		{57508271-AD80-4815-9B60-02E3A1A2A4AD}.Release|Any CPU.Build.0 = Release|Any CPU
		{DFC9D148-D8D0-45D1-98ED-224CB8080358}.Debug|Any CPU.ActiveCfg = Debug|Any CPU
		{DFC9D148-D8D0-45D1-98ED-224CB8080358}.Debug|Any CPU.Build.0 = Debug|Any CPU
		{DFC9D148-D8D0-45D1-98ED-224CB8080358}.Release|Any CPU.ActiveCfg = Release|Any CPU
		{DFC9D148-D8D0-45D1-98ED-224CB8080358}.Release|Any CPU.Build.0 = Release|Any CPU
	EndGlobalSection
	GlobalSection(SolutionProperties) = preSolution
		HideSolutionNode = FALSE
	EndGlobalSection
	GlobalSection(ExtensibilityGlobals) = postSolution
		SolutionGuid = {DB2230B0-7CA7-4EFD-8FCA-56808769B722}
	EndGlobalSection
EndGlobal
